
Microsoft Visual Studio Solution File, Format Version 12.00
# Visual Studio 15
VisualStudioVersion = 15.0.26124.0
MinimumVisualStudioVersion = 15.0.26124.0
Project("{FAE04EC0-301F-11D3-BF4B-00C04F79EFBC}") = "Domain", "Domain\Domain.csproj", "{D5176D91-70A0-4184-8ACB-834F535D6AF8}"
EndProject
Project("{FAE04EC0-301F-11D3-BF4B-00C04F79EFBC}") = "Application", "Application\Application.csproj", "{33F8C566-21B3-467F-8D24-EC234BFA4ABF}"
EndProject
Project("{FAE04EC0-301F-11D3-BF4B-00C04F79EFBC}") = "Persistence", "Persistence\Persistence.csproj", "{220E4285-BEE4-4D21-84CA-7394852371BC}"
EndProject
Project("{FAE04EC0-301F-11D3-BF4B-00C04F79EFBC}") = "API", "API\API.csproj", "{34C5CE11-00B8-4860-9842-22BC7C4B1D11}"
EndProject
Global
	GlobalSection(SolutionConfigurationPlatforms) = preSolution
		Debug|Any CPU = Debug|Any CPU
		Debug|x64 = Debug|x64
		Debug|x86 = Debug|x86
		Release|Any CPU = Release|Any CPU
		Release|x64 = Release|x64
		Release|x86 = Release|x86
	EndGlobalSection
	GlobalSection(SolutionProperties) = preSolution
		HideSolutionNode = FALSE
	EndGlobalSection
	GlobalSection(ProjectConfigurationPlatforms) = postSolution
		{D5176D91-70A0-4184-8ACB-834F535D6AF8}.Debug|Any CPU.ActiveCfg = Debug|Any CPU
		{D5176D91-70A0-4184-8ACB-834F535D6AF8}.Debug|Any CPU.Build.0 = Debug|Any CPU
		{D5176D91-70A0-4184-8ACB-834F535D6AF8}.Debug|x64.ActiveCfg = Debug|Any CPU
		{D5176D91-70A0-4184-8ACB-834F535D6AF8}.Debug|x64.Build.0 = Debug|Any CPU
		{D5176D91-70A0-4184-8ACB-834F535D6AF8}.Debug|x86.ActiveCfg = Debug|Any CPU
		{D5176D91-70A0-4184-8ACB-834F535D6AF8}.Debug|x86.Build.0 = Debug|Any CPU
		{D5176D91-70A0-4184-8ACB-834F535D6AF8}.Release|Any CPU.ActiveCfg = Release|Any CPU
		{D5176D91-70A0-4184-8ACB-834F535D6AF8}.Release|Any CPU.Build.0 = Release|Any CPU
		{D5176D91-70A0-4184-8ACB-834F535D6AF8}.Release|x64.ActiveCfg = Release|Any CPU
		{D5176D91-70A0-4184-8ACB-834F535D6AF8}.Release|x64.Build.0 = Release|Any CPU
		{D5176D91-70A0-4184-8ACB-834F535D6AF8}.Release|x86.ActiveCfg = Release|Any CPU
		{D5176D91-70A0-4184-8ACB-834F535D6AF8}.Release|x86.Build.0 = Release|Any CPU
		{33F8C566-21B3-467F-8D24-EC234BFA4ABF}.Debug|Any CPU.ActiveCfg = Debug|Any CPU
		{33F8C566-21B3-467F-8D24-EC234BFA4ABF}.Debug|Any CPU.Build.0 = Debug|Any CPU
		{33F8C566-21B3-467F-8D24-EC234BFA4ABF}.Debug|x64.ActiveCfg = Debug|Any CPU
		{33F8C566-21B3-467F-8D24-EC234BFA4ABF}.Debug|x64.Build.0 = Debug|Any CPU
		{33F8C566-21B3-467F-8D24-EC234BFA4ABF}.Debug|x86.ActiveCfg = Debug|Any CPU
		{33F8C566-21B3-467F-8D24-EC234BFA4ABF}.Debug|x86.Build.0 = Debug|Any CPU
		{33F8C566-21B3-467F-8D24-EC234BFA4ABF}.Release|Any CPU.ActiveCfg = Release|Any CPU
		{33F8C566-21B3-467F-8D24-EC234BFA4ABF}.Release|Any CPU.Build.0 = Release|Any CPU
		{33F8C566-21B3-467F-8D24-EC234BFA4ABF}.Release|x64.ActiveCfg = Release|Any CPU
		{33F8C566-21B3-467F-8D24-EC234BFA4ABF}.Release|x64.Build.0 = Release|Any CPU
		{33F8C566-21B3-467F-8D24-EC234BFA4ABF}.Release|x86.ActiveCfg = Release|Any CPU
		{33F8C566-21B3-467F-8D24-EC234BFA4ABF}.Release|x86.Build.0 = Release|Any CPU
		{220E4285-BEE4-4D21-84CA-7394852371BC}.Debug|Any CPU.ActiveCfg = Debug|Any CPU
		{220E4285-BEE4-4D21-84CA-7394852371BC}.Debug|Any CPU.Build.0 = Debug|Any CPU
		{220E4285-BEE4-4D21-84CA-7394852371BC}.Debug|x64.ActiveCfg = Debug|Any CPU
		{220E4285-BEE4-4D21-84CA-7394852371BC}.Debug|x64.Build.0 = Debug|Any CPU
		{220E4285-BEE4-4D21-84CA-7394852371BC}.Debug|x86.ActiveCfg = Debug|Any CPU
		{220E4285-BEE4-4D21-84CA-7394852371BC}.Debug|x86.Build.0 = Debug|Any CPU
		{220E4285-BEE4-4D21-84CA-7394852371BC}.Release|Any CPU.ActiveCfg = Release|Any CPU
		{220E4285-BEE4-4D21-84CA-7394852371BC}.Release|Any CPU.Build.0 = Release|Any CPU
		{220E4285-BEE4-4D21-84CA-7394852371BC}.Release|x64.ActiveCfg = Release|Any CPU
		{220E4285-BEE4-4D21-84CA-7394852371BC}.Release|x64.Build.0 = Release|Any CPU
		{220E4285-BEE4-4D21-84CA-7394852371BC}.Release|x86.ActiveCfg = Release|Any CPU
		{220E4285-BEE4-4D21-84CA-7394852371BC}.Release|x86.Build.0 = Release|Any CPU
		{34C5CE11-00B8-4860-9842-22BC7C4B1D11}.Debug|Any CPU.ActiveCfg = Debug|Any CPU
		{34C5CE11-00B8-4860-9842-22BC7C4B1D11}.Debug|Any CPU.Build.0 = Debug|Any CPU
		{34C5CE11-00B8-4860-9842-22BC7C4B1D11}.Debug|x64.ActiveCfg = Debug|Any CPU
		{34C5CE11-00B8-4860-9842-22BC7C4B1D11}.Debug|x64.Build.0 = Debug|Any CPU
		{34C5CE11-00B8-4860-9842-22BC7C4B1D11}.Debug|x86.ActiveCfg = Debug|Any CPU
		{34C5CE11-00B8-4860-9842-22BC7C4B1D11}.Debug|x86.Build.0 = Debug|Any CPU
		{34C5CE11-00B8-4860-9842-22BC7C4B1D11}.Release|Any CPU.ActiveCfg = Release|Any CPU
		{34C5CE11-00B8-4860-9842-22BC7C4B1D11}.Release|Any CPU.Build.0 = Release|Any CPU
		{34C5CE11-00B8-4860-9842-22BC7C4B1D11}.Release|x64.ActiveCfg = Release|Any CPU
		{34C5CE11-00B8-4860-9842-22BC7C4B1D11}.Release|x64.Build.0 = Release|Any CPU
		{34C5CE11-00B8-4860-9842-22BC7C4B1D11}.Release|x86.ActiveCfg = Release|Any CPU
		{34C5CE11-00B8-4860-9842-22BC7C4B1D11}.Release|x86.Build.0 = Release|Any CPU
	EndGlobalSection
EndGlobal
